{
  "version": 4,
  "terraform_version": "1.9.2",
  "serial": 34,
  "lineage": "18c4f033-fe68-0dea-2138-16b350c32b5f",
  "outputs": {
    "databasename": {
      "value": "workato",
      "type": "string"
    },
    "jdbc": {
      "value": "default-name.cnc4s4duxuvy.us-east-1.redshift.amazonaws.com:5439",
      "type": "string"
    },
    "kms_key": {
      "value": "arn:aws:kms:us-east-1:905418205374:alias/shared-kms-key",
      "type": "string"
    },
    "password": {
      "value": "uo%COsC#RuC2SD\u0026d",
      "type": "string",
      "sensitive": true
    },
    "username": {
      "value": "fede",
      "type": "string"
    }
  },
  "resources": [
    {
      "mode": "data",
      "type": "aws_kms_alias",
      "name": "shared_kms_key",
      "provider": "provider[\"registry.terraform.io/hashicorp/aws\"]",
      "instances": [
        {
          "schema_version": 0,
          "attributes": {
            "arn": "arn:aws:kms:us-east-1:905418205374:alias/shared-kms-key",
            "id": "arn:aws:kms:us-east-1:905418205374:alias/shared-kms-key",
            "name": "alias/shared-kms-key",
            "target_key_arn": "arn:aws:kms:us-east-1:905418205374:key/21125131-f9a3-4561-a288-069619adff6b",
            "target_key_id": "21125131-f9a3-4561-a288-069619adff6b"
          },
          "sensitive_attributes": []
        }
      ]
    },
    {
      "mode": "data",
      "type": "aws_security_groups",
      "name": "workato_security_group",
      "provider": "provider[\"registry.terraform.io/hashicorp/aws\"]",
      "instances": [
        {
          "schema_version": 0,
          "attributes": {
            "arns": [
              "arn:aws:ec2:us-east-1:905418205374:security-group/sg-0d93392994f5a2dea"
            ],
            "filter": [
              {
                "name": "group-name",
                "values": [
                  "Workato Default Security Group"
                ]
              },
              {
                "name": "vpc-id",
                "values": [
                  "vpc-0eea0eb410480902e"
                ]
              }
            ],
            "id": "us-east-1",
            "ids": [
              "sg-0d93392994f5a2dea"
            ],
            "tags": null,
            "timeouts": null,
            "vpc_ids": [
              "vpc-0eea0eb410480902e"
            ]
          },
          "sensitive_attributes": []
        }
      ]
    },
    {
      "mode": "managed",
      "type": "aws_redshift_cluster",
      "name": "dw_cluster",
      "provider": "provider[\"registry.terraform.io/hashicorp/aws\"]",
      "instances": [
        {
          "schema_version": 0,
          "attributes": {
            "allow_version_upgrade": true,
            "apply_immediately": false,
            "aqua_configuration_status": "auto",
            "arn": "arn:aws:redshift:us-east-1::cluster:default-name",
            "automated_snapshot_retention_period": 1,
            "availability_zone": "us-east-1c",
            "availability_zone_relocation_enabled": false,
            "cluster_identifier": "default-name",
            "cluster_namespace_arn": "arn:aws:redshift:us-east-1:905418205374:namespace:c1aabf8d-fe60-4560-93c7-ad415462d87e",
            "cluster_nodes": [
              {
                "node_role": "SHARED",
                "private_ip_address": "10.0.3.199",
                "public_ip_address": "3.210.118.169"
              }
            ],
            "cluster_parameter_group_name": "default.redshift-1.0",
            "cluster_public_key": "ssh-rsa AAAAB3NzaC1yc2EAAAADAQABAAABAQCEy5yWBYS4Jfuj7ekeFKu9Snh1cXM9419UxgKUUqJpux6IaNnHjyRRJBJF4gEQfybroZ5JPedSsCH9NsI8aPl9O7hSYigrXzVSQpk8ijE26jCSTw8BzJIFVh8EloGDM3aGkStRsux8gE2MPXlYXz4yLIsO9G2cGIj33JUb65unHdD+ROTR/drbvYmQESlGLa7IGDi4c3S85ZhO7tUqng3ELOiZLx2wf6eMWXFIkwTYfP9xwYuUqAvlZ2ds8zvTEFmw45I2ITbVwQFDHHjMabAaPjz0aCUvbKlCJZ/SA0e/+1JbkDRCRKB/yBBGPgE4IMOWs1LKuLUnbTt2rmAtzwIP Amazon-Redshift\n",
            "cluster_revision_number": "74927",
            "cluster_subnet_group_name": "self-service-subnet-group",
            "cluster_type": "single-node",
            "cluster_version": "1.0",
            "database_name": "workato",
            "default_iam_role_arn": "",
            "dns_name": "default-name.cnc4s4duxuvy.us-east-1.redshift.amazonaws.com",
            "elastic_ip": null,
            "encrypted": false,
            "endpoint": "default-name.cnc4s4duxuvy.us-east-1.redshift.amazonaws.com:5439",
            "enhanced_vpc_routing": true,
            "final_snapshot_identifier": null,
            "iam_roles": [],
            "id": "default-name",
            "kms_key_id": "",
            "logging": [
              {
                "bucket_name": "",
                "enable": false,
                "log_destination_type": "",
                "log_exports": [],
                "s3_key_prefix": ""
              }
            ],
            "maintenance_track_name": "current",
            "manage_master_password": null,
            "manual_snapshot_retention_period": -1,
            "master_password": "uo%COsC#RuC2SD\u0026d",
            "master_password_secret_arn": "",
            "master_password_secret_kms_key_id": "",
            "master_username": "fede",
            "multi_az": false,
            "node_type": "ra3.xlplus",
            "number_of_nodes": 1,
            "owner_account": null,
            "port": 5439,
            "preferred_maintenance_window": "tue:10:00-tue:10:30",
            "publicly_accessible": true,
            "skip_final_snapshot": true,
            "snapshot_arn": null,
            "snapshot_cluster_identifier": null,
            "snapshot_copy": [],
            "snapshot_identifier": null,
            "tags": {},
            "tags_all": {
              "Due": "20240926",
              "Jira": "default",
              "Name": "default_name-20240926155806",
              "OWNER": "federico.oro@workato.com",
              "Provisioning": "Terraform",
              "Type": "PoC"
            },
            "timeouts": null,
            "vpc_security_group_ids": [
              "sg-0d93392994f5a2dea"
            ]
          },
          "sensitive_attributes": [
            [
              {
                "type": "get_attr",
                "value": "master_password"
              }
            ]
          ],
          "private": "eyJlMmJmYjczMC1lY2FhLTExZTYtOGY4OC0zNDM2M2JjN2M0YzAiOnsiY3JlYXRlIjo0NTAwMDAwMDAwMDAwLCJkZWxldGUiOjI0MDAwMDAwMDAwMDAsInVwZGF0ZSI6NDUwMDAwMDAwMDAwMH19",
          "dependencies": [
            "data.aws_security_groups.workato_security_group",
            "random_password.password",
            "time_static.date"
          ]
        }
      ]
    },
    {
      "mode": "managed",
      "type": "random_password",
      "name": "password",
      "provider": "provider[\"registry.terraform.io/hashicorp/random\"]",
      "instances": [
        {
          "schema_version": 3,
          "attributes": {
            "bcrypt_hash": "$2a$10$Q1BaVbXEw.8IvNAkUYa4AO5h7wTzb0l34QGq2aQI9M94BcY5ZpcnW",
            "id": "none",
            "keepers": null,
            "length": 16,
            "lower": true,
            "min_lower": 0,
            "min_numeric": 0,
            "min_special": 0,
            "min_upper": 0,
            "number": true,
            "numeric": true,
            "override_special": "!#$%\u0026*()-_=+[]{}\u003c\u003e:?",
            "result": "uo%COsC#RuC2SD\u0026d",
            "special": true,
            "upper": true
          },
          "sensitive_attributes": [
            [
              {
                "type": "get_attr",
                "value": "result"
              }
            ],
            [
              {
                "type": "get_attr",
                "value": "bcrypt_hash"
              }
            ]
          ]
        }
      ]
    },
    {
      "mode": "managed",
      "type": "time_static",
      "name": "date",
      "provider": "provider[\"registry.terraform.io/hashicorp/time\"]",
      "instances": [
        {
          "schema_version": 0,
          "attributes": {
            "day": 26,
            "hour": 15,
            "id": "2024-09-26T15:58:06Z",
            "minute": 58,
            "month": 9,
            "rfc3339": "2024-09-26T15:58:06Z",
            "second": 6,
            "triggers": null,
            "unix": 1727366286,
            "year": 2024
          },
          "sensitive_attributes": []
        }
      ]
    }
  ],
  "check_results": null
}
