{
  "version": 4,
  "terraform_version": "1.5.0",
  "serial": 103,
  "lineage": "7b013651-278f-728d-ea40-59d85a452d82",
  "outputs": {},
  "resources": [
    {
      "mode": "managed",
      "type": "aws_iam_policy",
      "name": "bucket_policy",
      "provider": "provider[\"registry.terraform.io/hashicorp/aws\"]",
      "instances": [
        {
          "schema_version": 0,
          "attributes": {
            "arn": "arn:aws:iam::846081410153:policy/toyota-motor-eu_policy",
            "description": "Allow ",
            "id": "arn:aws:iam::846081410153:policy/toyota-motor-eu_policy",
            "name": "toyota-motor-eu_policy",
            "name_prefix": "",
            "path": "/",
            "policy": "{\"Statement\":[{\"Action\":[\"s3:PutObject\",\"s3:GetObject\",\"s3:ListBucket\",\"s3:DeleteObject\"],\"Effect\":\"Allow\",\"Resource\":[\"arn:aws:s3:::toyota-motor-eu\",\"arn:aws:s3:::toyota-motor-eu/*\"],\"Sid\":\"VisualEditor0\"}],\"Version\":\"2012-10-17\"}",
            "policy_id": "ANPA4J7TBYRUXUUEWO7NF",
            "tags": {
              "Name": "toyota-motor-eu-20240403152254"
            },
            "tags_all": {
              "Due": "20240403",
              "Name": "toyota-motor-eu-20240403152254",
              "OWNER": "kelian.mos@workato.com",
              "Provisioning": "Terraform",
              "Type": "PoC"
            }
          },
          "sensitive_attributes": [],
          "private": "bnVsbA==",
          "dependencies": [
            "time_static.date"
          ]
        }
      ]
    },
    {
      "mode": "managed",
      "type": "time_static",
      "name": "date",
      "provider": "provider[\"registry.terraform.io/hashicorp/time\"]",
      "instances": [
        {
          "schema_version": 0,
          "attributes": {
            "day": 3,
            "hour": 15,
            "id": "2024-04-03T15:22:54Z",
            "minute": 22,
            "month": 4,
            "rfc3339": "2024-04-03T15:22:54Z",
            "second": 54,
            "triggers": null,
            "unix": 1712157774,
            "year": 2024
          },
          "sensitive_attributes": []
        }
      ]
    }
  ],
  "check_results": null
}
